// !$*UTF8*$!
{
	archiveVersion = 1;
	classes = {
	};
	objectVersion = 56;
	objects = {

/* Begin PBXBuildFile section */
		EB60F2052C9879E600288E90 /* iOSExampleSwiftUIApp.swift in Sources */ = {isa = PBXBuildFile; fileRef = EB60F2042C9879E600288E90 /* iOSExampleSwiftUIApp.swift */; };
		EB60F2092C9879E700288E90 /* Assets.xcassets in Resources */ = {isa = PBXBuildFile; fileRef = EB60F2082C9879E700288E90 /* Assets.xcassets */; };
		EB60F20C2C9879E700288E90 /* Preview Assets.xcassets in Resources */ = {isa = PBXBuildFile; fileRef = EB60F20B2C9879E700288E90 /* Preview Assets.xcassets */; };
		EB60F2152C98948900288E90 /* StickySearchBar.swift in Sources */ = {isa = PBXBuildFile; fileRef = EB60F2142C98948900288E90 /* StickySearchBar.swift */; };
		EB715A422C992D690073ACA5 /* Color+Extension.swift in Sources */ = {isa = PBXBuildFile; fileRef = EB715A412C992D690073ACA5 /* Color+Extension.swift */; };
		EB715A442C992EB80073ACA5 /* StatisticsBottomSheet.swift in Sources */ = {isa = PBXBuildFile; fileRef = EB715A432C992EB80073ACA5 /* StatisticsBottomSheet.swift */; };
		EB715A462C99310A0073ACA5 /* ItemsDataModel.swift in Sources */ = {isa = PBXBuildFile; fileRef = EB715A452C99310A0073ACA5 /* ItemsDataModel.swift */; };
/* End PBXBuildFile section */

/* Begin PBXFileReference section */
		EB60F2012C9879E600288E90 /* iOSExampleSwiftUI.app */ = {isa = PBXFileReference; explicitFileType = wrapper.application; includeInIndex = 0; path = iOSExampleSwiftUI.app; sourceTree = BUILT_PRODUCTS_DIR; };
		EB60F2042C9879E600288E90 /* iOSExampleSwiftUIApp.swift */ = {isa = PBXFileReference; lastKnownFileType = sourcecode.swift; path = iOSExampleSwiftUIApp.swift; sourceTree = "<group>"; };
		EB60F2082C9879E700288E90 /* Assets.xcassets */ = {isa = PBXFileReference; lastKnownFileType = folder.assetcatalog; path = Assets.xcassets; sourceTree = "<group>"; };
		EB60F20B2C9879E700288E90 /* Preview Assets.xcassets */ = {isa = PBXFileReference; lastKnownFileType = folder.assetcatalog; path = "Preview Assets.xcassets"; sourceTree = "<group>"; };
		EB60F2142C98948900288E90 /* StickySearchBar.swift */ = {isa = PBXFileReference; lastKnownFileType = sourcecode.swift; path = StickySearchBar.swift; sourceTree = "<group>"; };
		EB715A412C992D690073ACA5 /* Color+Extension.swift */ = {isa = PBXFileReference; lastKnownFileType = sourcecode.swift; path = "Color+Extension.swift"; sourceTree = "<group>"; };
		EB715A432C992EB80073ACA5 /* StatisticsBottomSheet.swift */ = {isa = PBXFileReference; lastKnownFileType = sourcecode.swift; path = StatisticsBottomSheet.swift; sourceTree = "<group>"; };
		EB715A452C99310A0073ACA5 /* ItemsDataModel.swift */ = {isa = PBXFileReference; lastKnownFileType = sourcecode.swift; path = ItemsDataModel.swift; sourceTree = "<group>"; };
/* End PBXFileReference section */

/* Begin PBXFrameworksBuildPhase section */
		EB60F1FE2C9879E600288E90 /* Frameworks */ = {
			isa = PBXFrameworksBuildPhase;
			buildActionMask = 2147483647;
			files = (
			);
			runOnlyForDeploymentPostprocessing = 0;
		};
/* End PBXFrameworksBuildPhase section */

/* Begin PBXGroup section */
		EB60F1F82C9879E600288E90 = {
			isa = PBXGroup;
			children = (
				EB60F2032C9879E600288E90 /* iOSExampleSwiftUI */,
				EB60F2022C9879E600288E90 /* Products */,
			);
			sourceTree = "<group>";
		};
		EB60F2022C9879E600288E90 /* Products */ = {
			isa = PBXGroup;
			children = (
				EB60F2012C9879E600288E90 /* iOSExampleSwiftUI.app */,
			);
			name = Products;
			sourceTree = "<group>";
		};
		EB60F2032C9879E600288E90 /* iOSExampleSwiftUI */ = {
			isa = PBXGroup;
			children = (
				EB60F2042C9879E600288E90 /* iOSExampleSwiftUIApp.swift */,
				EB60F2082C9879E700288E90 /* Assets.xcassets */,
				EB60F2142C98948900288E90 /* StickySearchBar.swift */,
				EB60F20A2C9879E700288E90 /* Preview Content */,
				EB715A412C992D690073ACA5 /* Color+Extension.swift */,
				EB715A432C992EB80073ACA5 /* StatisticsBottomSheet.swift */,
				EB715A452C99310A0073ACA5 /* ItemsDataModel.swift */,
			);
			path = iOSExampleSwiftUI;
			sourceTree = "<group>";
		};
		EB60F20A2C9879E700288E90 /* Preview Content */ = {
			isa = PBXGroup;
			children = (
				EB60F20B2C9879E700288E90 /* Preview Assets.xcassets */,
			);
			path = "Preview Content";
			sourceTree = "<group>";
		};
/* End PBXGroup section */

/* Begin PBXNativeTarget section */
		EB60F2002C9879E600288E90 /* iOSExampleSwiftUI */ = {
			isa = PBXNativeTarget;
			buildConfigurationList = EB60F20F2C9879E700288E90 /* Build configuration list for PBXNativeTarget "iOSExampleSwiftUI" */;
			buildPhases = (
				EB60F1FD2C9879E600288E90 /* Sources */,
				EB60F1FE2C9879E600288E90 /* Frameworks */,
				EB60F1FF2C9879E600288E90 /* Resources */,
			);
			buildRules = (
			);
			dependencies = (
			);
			name = iOSExampleSwiftUI;
			productName = iOSExampleSwiftUI;
			productReference = EB60F2012C9879E600288E90 /* iOSExampleSwiftUI.app */;
			productType = "com.apple.product-type.application";
		};
/* End PBXNativeTarget section */

/* Begin PBXProject section */
		EB60F1F92C9879E600288E90 /* Project object */ = {
			isa = PBXProject;
			attributes = {
				BuildIndependentTargetsInParallel = 1;
				LastSwiftUpdateCheck = 1540;
				LastUpgradeCheck = 1540;
				TargetAttributes = {
					EB60F2002C9879E600288E90 = {
						CreatedOnToolsVersion = 15.4;
					};
				};
			};
			buildConfigurationList = EB60F1FC2C9879E600288E90 /* Build configuration list for PBXProject "iOSExampleSwiftUI" */;
			compatibilityVersion = "Xcode 14.0";
			developmentRegion = en;
			hasScannedForEncodings = 0;
			knownRegions = (
				en,
				Base,
			);
			mainGroup = EB60F1F82C9879E600288E90;
			productRefGroup = EB60F2022C9879E600288E90 /* Products */;
			projectDirPath = "";
			projectRoot = "";
			targets = (
				EB60F2002C9879E600288E90 /* iOSExampleSwiftUI */,
			);
		};
/* End PBXProject section */

/* Begin PBXResourcesBuildPhase section */
		EB60F1FF2C9879E600288E90 /* Resources */ = {
			isa = PBXResourcesBuildPhase;
			buildActionMask = 2147483647;
			files = (
				EB60F20C2C9879E700288E90 /* Preview Assets.xcassets in Resources */,
				EB60F2092C9879E700288E90 /* Assets.xcassets in Resources */,
			);
			runOnlyForDeploymentPostprocessing = 0;
		};
/* End PBXResourcesBuildPhase section */

/* Begin PBXSourcesBuildPhase section */
		EB60F1FD2C9879E600288E90 /* Sources */ = {
			isa = PBXSourcesBuildPhase;
			buildActionMask = 2147483647;
			files = (
				EB60F2052C9879E600288E90 /* iOSExampleSwiftUIApp.swift in Sources */,
				EB715A462C99310A0073ACA5 /* ItemsDataModel.swift in Sources */,
				EB715A422C992D690073ACA5 /* Color+Extension.swift in Sources */,
				EB715A442C992EB80073ACA5 /* StatisticsBottomSheet.swift in Sources */,
				EB60F2152C98948900288E90 /* StickySearchBar.swift in Sources */,
			);
			runOnlyForDeploymentPostprocessing = 0;
		};
/* End PBXSourcesBuildPhase section */

/* Begin XCBuildConfiguration section */
		EB60F20D2C9879E700288E90 /* Debug */ = {
			isa = XCBuildConfiguration;
			buildSettings = {
				ALWAYS_SEARCH_USER_PATHS = NO;
				ASSETCATALOG_COMPILER_GENERATE_SWIFT_ASSET_SYMBOL_EXTENSIONS = YES;
				CLANG_ANALYZER_NONNULL = YES;
				CLANG_ANALYZER_NUMBER_OBJECT_CONVERSION = YES_AGGRESSIVE;
				CLANG_CXX_LANGUAGE_STANDARD = "gnu++20";
				CLANG_ENABLE_MODULES = YES;
				CLANG_ENABLE_OBJC_ARC = YES;
				CLANG_ENABLE_OBJC_WEAK = YES;
				CLANG_WARN_BLOCK_CAPTURE_AUTORELEASING = YES;
				CLANG_WARN_BOOL_CONVERSION = YES;
				CLANG_WARN_COMMA = YES;
				CLANG_WARN_CONSTANT_CONVERSION = YES;
				CLANG_WARN_DEPRECATED_OBJC_IMPLEMENTATIONS = YES;
				CLANG_WARN_DIRECT_OBJC_ISA_USAGE = YES_ERROR;
				CLANG_WARN_DOCUMENTATION_COMMENTS = YES;
				CLANG_WARN_EMPTY_BODY = YES;
				CLANG_WARN_ENUM_CONVERSION = YES;
				CLANG_WARN_INFINITE_RECURSION = YES;
				CLANG_WARN_INT_CONVERSION = YES;
				CLANG_WARN_NON_LITERAL_NULL_CONVERSION = YES;
				CLANG_WARN_OBJC_IMPLICIT_RETAIN_SELF = YES;
				CLANG_WARN_OBJC_LITERAL_CONVERSION = YES;
				CLANG_WARN_OBJC_ROOT_CLASS = YES_ERROR;
				CLANG_WARN_QUOTED_INCLUDE_IN_FRAMEWORK_HEADER = YES;
				CLANG_WARN_RANGE_LOOP_ANALYSIS = YES;
				CLANG_WARN_STRICT_PROTOTYPES = YES;
				CLANG_WARN_SUSPICIOUS_MOVE = YES;
				CLANG_WARN_UNGUARDED_AVAILABILITY = YES_AGGRESSIVE;
				CLANG_WARN_UNREACHABLE_CODE = YES;
				CLANG_WARN__DUPLICATE_METHOD_MATCH = YES;
				COPY_PHASE_STRIP = NO;
				DEBUG_INFORMATION_FORMAT = dwarf;
				ENABLE_STRICT_OBJC_MSGSEND = YES;
				ENABLE_TESTABILITY = YES;
				ENABLE_USER_SCRIPT_SANDBOXING = YES;
				GCC_C_LANGUAGE_STANDARD = gnu17;
				GCC_DYNAMIC_NO_PIC = NO;
				GCC_NO_COMMON_BLOCKS = YES;
				GCC_OPTIMIZATION_LEVEL = 0;
				GCC_PREPROCESSOR_DEFINITIONS = (
					"DEBUG=1",
					"$(inherited)",
				);
				GCC_WARN_64_TO_32_BIT_CONVERSION = YES;
				GCC_WARN_ABOUT_RETURN_TYPE = YES_ERROR;
				GCC_WARN_UNDECLARED_SELECTOR = YES;
				GCC_WARN_UNINITIALIZED_AUTOS = YES_AGGRESSIVE;
				GCC_WARN_UNUSED_FUNCTION = YES;
				GCC_WARN_UNUSED_VARIABLE = YES;
				IPHONEOS_DEPLOYMENT_TARGET = 17.5;
				LOCALIZATION_PREFERS_STRING_CATALOGS = YES;
				MTL_ENABLE_DEBUG_INFO = INCLUDE_SOURCE;
				MTL_FAST_MATH = YES;
				ONLY_ACTIVE_ARCH = YES;
				SDKROOT = iphoneos;
				SWIFT_ACTIVE_COMPILATION_CONDITIONS = "DEBUG $(inherited)";
				SWIFT_OPTIMIZATION_LEVEL = "-Onone";
			};
			name = Debug;
		};
		EB60F20E2C9879E700288E90 /* Release */ = {
			isa = XCBuildConfiguration;
			buildSettings = {
				ALWAYS_SEARCH_USER_PATHS = NO;
				ASSETCATALOG_COMPILER_GENERATE_SWIFT_ASSET_SYMBOL_EXTENSIONS = YES;
				CLANG_ANALYZER_NONNULL = YES;
				CLANG_ANALYZER_NUMBER_OBJECT_CONVERSION = YES_AGGRESSIVE;
				CLANG_CXX_LANGUAGE_STANDARD = "gnu++20";
				CLANG_ENABLE_MODULES = YES;
				CLANG_ENABLE_OBJC_ARC = YES;
				CLANG_ENABLE_OBJC_WEAK = YES;
				CLANG_WARN_BLOCK_CAPTURE_AUTORELEASING = YES;
				CLANG_WARN_BOOL_CONVERSION = YES;
				CLANG_WARN_COMMA = YES;
				CLANG_WARN_CONSTANT_CONVERSION = YES;
				CLANG_WARN_DEPRECATED_OBJC_IMPLEMENTATIONS = YES;
				CLANG_WARN_DIRECT_OBJC_ISA_USAGE = YES_ERROR;
				CLANG_WARN_DOCUMENTATION_COMMENTS = YES;
				CLANG_WARN_EMPTY_BODY = YES;
				CLANG_WARN_ENUM_CONVERSION = YES;
				CLANG_WARN_INFINITE_RECURSION = YES;
				CLANG_WARN_INT_CONVERSION = YES;
				CLANG_WARN_NON_LITERAL_NULL_CONVERSION = YES;
				CLANG_WARN_OBJC_IMPLICIT_RETAIN_SELF = YES;
				CLANG_WARN_OBJC_LITERAL_CONVERSION = YES;
				CLANG_WARN_OBJC_ROOT_CLASS = YES_ERROR;
				CLANG_WARN_QUOTED_INCLUDE_IN_FRAMEWORK_HEADER = YES;
				CLANG_WARN_RANGE_LOOP_ANALYSIS = YES;
				CLANG_WARN_STRICT_PROTOTYPES = YES;
				CLANG_WARN_SUSPICIOUS_MOVE = YES;
				CLANG_WARN_UNGUARDED_AVAILABILITY = YES_AGGRESSIVE;
				CLANG_WARN_UNREACHABLE_CODE = YES;
				CLANG_WARN__DUPLICATE_METHOD_MATCH = YES;
				COPY_PHASE_STRIP = NO;
				DEBUG_INFORMATION_FORMAT = "dwarf-with-dsym";
				ENABLE_NS_ASSERTIONS = NO;
				ENABLE_STRICT_OBJC_MSGSEND = YES;
				ENABLE_USER_SCRIPT_SANDBOXING = YES;
				GCC_C_LANGUAGE_STANDARD = gnu17;
				GCC_NO_COMMON_BLOCKS = YES;
				GCC_WARN_64_TO_32_BIT_CONVERSION = YES;
				GCC_WARN_ABOUT_RETURN_TYPE = YES_ERROR;
				GCC_WARN_UNDECLARED_SELECTOR = YES;
				GCC_WARN_UNINITIALIZED_AUTOS = YES_AGGRESSIVE;
				GCC_WARN_UNUSED_FUNCTION = YES;
				GCC_WARN_UNUSED_VARIABLE = YES;
				IPHONEOS_DEPLOYMENT_TARGET = 17.5;
				LOCALIZATION_PREFERS_STRING_CATALOGS = YES;
				MTL_ENABLE_DEBUG_INFO = NO;
				MTL_FAST_MATH = YES;
				SDKROOT = iphoneos;
				SWIFT_COMPILATION_MODE = wholemodule;
				VALIDATE_PRODUCT = YES;
			};
			name = Release;
		};
		EB60F2102C9879E700288E90 /* Debug */ = {
			isa = XCBuildConfiguration;
			buildSettings = {
				ASSETCATALOG_COMPILER_APPICON_NAME = AppIcon;
				ASSETCATALOG_COMPILER_GLOBAL_ACCENT_COLOR_NAME = AccentColor;
				CODE_SIGN_STYLE = Automatic;
				CURRENT_PROJECT_VERSION = 1;
				DEVELOPMENT_ASSET_PATHS = "\"iOSExampleSwiftUI/Preview Content\"";
				DEVELOPMENT_TEAM = SFA9GUN7NY;
				ENABLE_PREVIEWS = YES;
				GENERATE_INFOPLIST_FILE = YES;
				INFOPLIST_KEY_UIApplicationSceneManifest_Generation = YES;
				INFOPLIST_KEY_UIApplicationSupportsIndirectInputEvents = YES;
				INFOPLIST_KEY_UILaunchScreen_Generation = YES;
				INFOPLIST_KEY_UISupportedInterfaceOrientations_iPad = "UIInterfaceOrientationPortrait UIInterfaceOrientationPortraitUpsideDown UIInterfaceOrientationLandscapeLeft UIInterfaceOrientationLandscapeRight";
				INFOPLIST_KEY_UISupportedInterfaceOrientations_iPhone = "UIInterfaceOrientationPortrait UIInterfaceOrientationLandscapeLeft UIInterfaceOrientationLandscapeRight";
				IPHONEOS_DEPLOYMENT_TARGET = 15.0;
				LD_RUNPATH_SEARCH_PATHS = (
					"$(inherited)",
					"@executable_path/Frameworks",
				);
				MARKETING_VERSION = 1.0;
				PRODUCT_BUNDLE_IDENTIFIER = rverma.iOSExampleSwiftUI;
				PRODUCT_NAME = "$(TARGET_NAME)";
				SWIFT_EMIT_LOC_STRINGS = YES;
				SWIFT_VERSION = 5.0;
				TARGETED_DEVICE_FAMILY = "1,2";
			};
			name = Debug;
		};
		EB60F2112C9879E700288E90 /* Release */ = {
			isa = XCBuildConfiguration;
			buildSettings = {
				ASSETCATALOG_COMPILER_APPICON_NAME = AppIcon;
				ASSETCATALOG_COMPILER_GLOBAL_ACCENT_COLOR_NAME = AccentColor;
				CODE_SIGN_STYLE = Automatic;
				CURRENT_PROJECT_VERSION = 1;
				DEVELOPMENT_ASSET_PATHS = "\"iOSExampleSwiftUI/Preview Content\"";
				DEVELOPMENT_TEAM = SFA9GUN7NY;
				ENABLE_PREVIEWS = YES;
				GENERATE_INFOPLIST_FILE = YES;
				INFOPLIST_KEY_UIApplicationSceneManifest_Generation = YES;
				INFOPLIST_KEY_UIApplicationSupportsIndirectInputEvents = YES;
				INFOPLIST_KEY_UILaunchScreen_Generation = YES;
				INFOPLIST_KEY_UISupportedInterfaceOrientations_iPad = "UIInterfaceOrientationPortrait UIInterfaceOrientationPortraitUpsideDown UIInterfaceOrientationLandscapeLeft UIInterfaceOrientationLandscapeRight";
				INFOPLIST_KEY_UISupportedInterfaceOrientations_iPhone = "UIInterfaceOrientationPortrait UIInterfaceOrientationLandscapeLeft UIInterfaceOrientationLandscapeRight";
				IPHONEOS_DEPLOYMENT_TARGET = 15.0;
				LD_RUNPATH_SEARCH_PATHS = (
					"$(inherited)",
					"@executable_path/Frameworks",
				);
				MARKETING_VERSION = 1.0;
				PRODUCT_BUNDLE_IDENTIFIER = rverma.iOSExampleSwiftUI;
				PRODUCT_NAME = "$(TARGET_NAME)";
				SWIFT_EMIT_LOC_STRINGS = YES;
				SWIFT_VERSION = 5.0;
				TARGETED_DEVICE_FAMILY = "1,2";
			};
			name = Release;
		};
/* End XCBuildConfiguration section */

/* Begin XCConfigurationList section */
		EB60F1FC2C9879E600288E90 /* Build configuration list for PBXProject "iOSExampleSwiftUI" */ = {
			isa = XCConfigurationList;
			buildConfigurations = (
				EB60F20D2C9879E700288E90 /* Debug */,
				EB60F20E2C9879E700288E90 /* Release */,
			);
			defaultConfigurationIsVisible = 0;
			defaultConfigurationName = Release;
		};
		EB60F20F2C9879E700288E90 /* Build configuration list for PBXNativeTarget "iOSExampleSwiftUI" */ = {
			isa = XCConfigurationList;
			buildConfigurations = (
				EB60F2102C9879E700288E90 /* Debug */,
				EB60F2112C9879E700288E90 /* Release */,
			);
			defaultConfigurationIsVisible = 0;
			defaultConfigurationName = Release;
		};
/* End XCConfigurationList section */
	};
	rootObject = EB60F1F92C9879E600288E90 /* Project object */;
}
